<Solution>
  <Folder Name="/keycloak/">
    <File Path="rezilio-realm-dev.json" />
  </Folder>
  <Folder Name="/Solution Items/">
    <File Path=".env" />
    <File Path=".env.example" />
    <File Path="docker-compose.yml" />
    <File Path="README.md" />
  </Folder>
  <Folder Name="/src/">
    <Project Path="Rezilio.Api/Rezilio.Api.csproj" />
    <Project Path="Rezilio.SharedKernel/Rezilio.SharedKernel.csproj" />
  </Folder>
  <Folder Name="/src/Modules/" />
  <Folder Name="/src/Modules/Licensing/">
    <Project Path="Licensing/Licensing.csproj" />
  </Folder>
  <Folder Name="/src/Modules/Organization/">
    <Project Path="Organization/Organization.csproj" Id="e48601eb-446d-443a-9c11-a32bb8ae7913" />
  </Folder>
  <Folder Name="/test/" />
</Solution>
